
Microsoft Visual Studio Solution File, Format Version 12.00
# Visual Studio 15
VisualStudioVersion = 15.0.28307.902
MinimumVisualStudioVersion = 10.0.40219.1
Project("{FAE04EC0-301F-11D3-BF4B-00C04F79EFBC}") = "hiddenAnaconda", "WindowsFormsApp1\hiddenAnaconda.csproj", "{5AFF48FB-E0BD-4EC9-A85E-42A3603F70C9}"
EndProject
Project("{00D1A9C2-B5F0-4AF3-8072-F6C62B433612}") = "hiddenAnacondaDB", "hiddenAnacondaDB\hiddenAnacondaDB.sqlproj", "{D7721107-6AB7-4704-BCD3-4AE31D000358}"
EndProject
Project("{2150E333-8FDC-42A3-9474-1A3956D46DE8}") = "Solution Items", "Solution Items", "{D9D80D5E-1F34-4025-80D0-15E60BBF6346}"
	ProjectSection(SolutionItems) = preProject
		baza19_12_2019.sql = baza19_12_2019.sql
		Skrypty_przykladowych_danych.sql = Skrypty_przykladowych_danych.sql
	EndProjectSection
EndProject
Project("{54435603-DBB4-11D2-8724-00A0C9A8B90C}") = "hiddenAnacondaInstaller", "hiddenAnacondaInstaller\hiddenAnacondaInstaller.vdproj", "{922B0880-A1BD-46CC-81FC-6E1694A38B54}"
EndProject
Project("{2150E333-8FDC-42A3-9474-1A3956D46DE8}") = "Help", "Help", "{CEDC3CCA-6AFE-47E8-AE92-3C9A44EC0C68}"
	ProjectSection(SolutionItems) = preProject
		Help\1wybekran.jpg = Help\1wybekran.jpg
		Help\2wybekran.jpg = Help\2wybekran.jpg
		Help\3wybekran.jpg = Help\3wybekran.jpg
		Help\czakurs.jpg = Help\czakurs.jpg
		Help\Czas realizacji kursu.htm = Help\Czas realizacji kursu.htm
		Help\Dodanie kierowcow.htm = Help\Dodanie kierowcow.htm
		Help\dodkierowca.jpg = Help\dodkierowca.jpg
		Help\dodpojazd.jpg = Help\dodpojazd.jpg
		Help\dodterminkurs.jpg = Help\dodterminkurs.jpg
		Help\dodterminkurs2.jpg = Help\dodterminkurs2.jpg
		Help\Edycja uzytkownikow.htm = Help\Edycja uzytkownikow.htm
		Help\Edycja użytkonikow.htm = Help\Edycja użytkonikow.htm
		Help\edycja.jpg = Help\edycja.jpg
		Help\edycja2.jpg = Help\edycja2.jpg
		Help\Ekran wyboru widoków.htm = Help\Ekran wyboru widoków.htm
		Help\ekranlog.jpg = Help\ekranlog.jpg
		Help\etykieta.png = Help\etykieta.png
		Help\etykieta2.jpg = Help\etykieta2.jpg
		Help\Funckje programu.htm = Help\Funckje programu.htm
		Help\Index.hhk = Help\Index.hhk
		Help\Instalacja.htm = Help\Instalacja.htm
		Help\Log1.log = Help\Log1.log
		Help\Opis instalacji programu.htm = Help\Opis instalacji programu.htm
		Help\Pierwsze kroki w porgramie.htm = Help\Pierwsze kroki w porgramie.htm
		Help\Pomoc.chm = Help\Pomoc.chm
		Help\Pomoc.hhp = Help\Pomoc.hhp
		Help\Program instalacyjny.htm = Help\Program instalacyjny.htm
		Help\przdokursu.jpg = Help\przdokursu.jpg
		Help\Przypisanie do kursu.htm = Help\Przypisanie do kursu.htm
		Help\raportt.jpg = Help\raportt.jpg
		Help\Table of Contents.hhc = Help\Table of Contents.hhc
		Help\Twirzenie.htm = Help\Twirzenie.htm
		Help\twonowejlini.jpg = Help\twonowejlini.jpg
		Help\twonowykurs.jpg = Help\twonowykurs.jpg
		Help\twoprz1.jpg = Help\twoprz1.jpg
		Help\tworaport.jpg = Help\tworaport.jpg
		Help\Tworzenie kursow.htm = Help\Tworzenie kursow.htm
		Help\Tworzenie lini autobusowych.htm = Help\Tworzenie lini autobusowych.htm
		Help\Tworzenie pojazdow.htm = Help\Tworzenie pojazdow.htm
		Help\Tworzenie przystanków.htm = Help\Tworzenie przystanków.htm
		Help\Tworzenie raportu.htm = Help\Tworzenie raportu.htm
		Help\Tworzenie terminow kursowania.htm = Help\Tworzenie terminow kursowania.htm
		Help\Tworzenie uzytkownikow.htm = Help\Tworzenie uzytkownikow.htm
		Help\Tworzenie użytkownikow.htm = Help\Tworzenie użytkownikow.htm
		Help\Tworzenie użytkowników.htm = Help\Tworzenie użytkowników.htm
		Help\Tworzenie.htm = Help\Tworzenie.htm
		Help\twouzyt.jpg = Help\twouzyt.jpg
		Help\Witaj w systemie.htm = Help\Witaj w systemie.htm
		Help\Witaj.htm = Help\Witaj.htm
		Help\wybekran.jpg = Help\wybekran.jpg
		Help\wybekran1.jpg = Help\wybekran1.jpg
		Help\wybekran10.jpg = Help\wybekran10.jpg
		Help\wybekran11.jpg = Help\wybekran11.jpg
		Help\wybekran12.jpg = Help\wybekran12.jpg
		Help\wybekran13.jpg = Help\wybekran13.jpg
		Help\wybekran2.jpg = Help\wybekran2.jpg
		Help\wybekran3.jpg = Help\wybekran3.jpg
		Help\wybekran4.jpg = Help\wybekran4.jpg
		Help\wybekran5.jpg = Help\wybekran5.jpg
		Help\wybekran6.jpg = Help\wybekran6.jpg
		Help\wybekran7.jpg = Help\wybekran7.jpg
		Help\wybekran8.jpg = Help\wybekran8.jpg
		Help\wybekran9.jpg = Help\wybekran9.jpg
		Help\Wymagania.htm = Help\Wymagania.htm
		Help\zapis.jpg = Help\zapis.jpg
		Help\Zarzadzanie trasami.htm = Help\Zarzadzanie trasami.htm
		Help\Zarządzanie i raporty.htm = Help\Zarządzanie i raporty.htm
		Help\Zarządzanie uzytkownikami.htm = Help\Zarządzanie uzytkownikami.htm
		Help\Zmiana statusu.htm = Help\Zmiana statusu.htm
		Help\zmstatusk.jpg = Help\zmstatusk.jpg
		Help\zmstatusp.jpg = Help\zmstatusp.jpg
		Help\zt1.jpg = Help\zt1.jpg
		Help\zt2.jpg = Help\zt2.jpg
		Help\zt3.jpg = Help\zt3.jpg
		Help\zt4.jpg = Help\zt4.jpg
		Help\zt5.jpg = Help\zt5.jpg
	EndProjectSection
EndProject
Project("{930C7802-8A8C-48F9-8165-68863BCCD9DD}") = "hiddenAnacondaInstallerV2", "hiddenAnacondaInstallerV2\hiddenAnacondaInstallerV2.wixproj", "{9100360D-C512-487D-8DF8-B79DE6BDEC38}"
EndProject
Global
	GlobalSection(SolutionConfigurationPlatforms) = preSolution
		Debug|Any CPU = Debug|Any CPU
		Debug|ARM = Debug|ARM
		Debug|ARM64 = Debug|ARM64
		Debug|x64 = Debug|x64
		Debug|x86 = Debug|x86
		Release|Any CPU = Release|Any CPU
		Release|ARM = Release|ARM
		Release|ARM64 = Release|ARM64
		Release|x64 = Release|x64
		Release|x86 = Release|x86
	EndGlobalSection
	GlobalSection(ProjectConfigurationPlatforms) = postSolution
		{5AFF48FB-E0BD-4EC9-A85E-42A3603F70C9}.Debug|Any CPU.ActiveCfg = Debug|Any CPU
		{5AFF48FB-E0BD-4EC9-A85E-42A3603F70C9}.Debug|Any CPU.Build.0 = Debug|Any CPU
		{5AFF48FB-E0BD-4EC9-A85E-42A3603F70C9}.Debug|ARM.ActiveCfg = Debug|Any CPU
		{5AFF48FB-E0BD-4EC9-A85E-42A3603F70C9}.Debug|ARM.Build.0 = Debug|Any CPU
		{5AFF48FB-E0BD-4EC9-A85E-42A3603F70C9}.Debug|ARM64.ActiveCfg = Debug|Any CPU
		{5AFF48FB-E0BD-4EC9-A85E-42A3603F70C9}.Debug|ARM64.Build.0 = Debug|Any CPU
		{5AFF48FB-E0BD-4EC9-A85E-42A3603F70C9}.Debug|x64.ActiveCfg = Debug|Any CPU
		{5AFF48FB-E0BD-4EC9-A85E-42A3603F70C9}.Debug|x64.Build.0 = Debug|Any CPU
		{5AFF48FB-E0BD-4EC9-A85E-42A3603F70C9}.Debug|x86.ActiveCfg = Debug|Any CPU
		{5AFF48FB-E0BD-4EC9-A85E-42A3603F70C9}.Debug|x86.Build.0 = Debug|Any CPU
		{5AFF48FB-E0BD-4EC9-A85E-42A3603F70C9}.Release|Any CPU.ActiveCfg = Release|Any CPU
		{5AFF48FB-E0BD-4EC9-A85E-42A3603F70C9}.Release|Any CPU.Build.0 = Release|Any CPU
		{5AFF48FB-E0BD-4EC9-A85E-42A3603F70C9}.Release|ARM.ActiveCfg = Release|Any CPU
		{5AFF48FB-E0BD-4EC9-A85E-42A3603F70C9}.Release|ARM.Build.0 = Release|Any CPU
		{5AFF48FB-E0BD-4EC9-A85E-42A3603F70C9}.Release|ARM64.ActiveCfg = Release|Any CPU
		{5AFF48FB-E0BD-4EC9-A85E-42A3603F70C9}.Release|ARM64.Build.0 = Release|Any CPU
		{5AFF48FB-E0BD-4EC9-A85E-42A3603F70C9}.Release|x64.ActiveCfg = Release|Any CPU
		{5AFF48FB-E0BD-4EC9-A85E-42A3603F70C9}.Release|x64.Build.0 = Release|Any CPU
		{5AFF48FB-E0BD-4EC9-A85E-42A3603F70C9}.Release|x86.ActiveCfg = Release|Any CPU
		{5AFF48FB-E0BD-4EC9-A85E-42A3603F70C9}.Release|x86.Build.0 = Release|Any CPU
		{D7721107-6AB7-4704-BCD3-4AE31D000358}.Debug|Any CPU.ActiveCfg = Debug|Any CPU
		{D7721107-6AB7-4704-BCD3-4AE31D000358}.Debug|Any CPU.Build.0 = Debug|Any CPU
		{D7721107-6AB7-4704-BCD3-4AE31D000358}.Debug|Any CPU.Deploy.0 = Debug|Any CPU
		{D7721107-6AB7-4704-BCD3-4AE31D000358}.Debug|ARM.ActiveCfg = Debug|Any CPU
		{D7721107-6AB7-4704-BCD3-4AE31D000358}.Debug|ARM.Build.0 = Debug|Any CPU
		{D7721107-6AB7-4704-BCD3-4AE31D000358}.Debug|ARM.Deploy.0 = Debug|Any CPU
		{D7721107-6AB7-4704-BCD3-4AE31D000358}.Debug|ARM64.ActiveCfg = Debug|Any CPU
		{D7721107-6AB7-4704-BCD3-4AE31D000358}.Debug|ARM64.Build.0 = Debug|Any CPU
		{D7721107-6AB7-4704-BCD3-4AE31D000358}.Debug|ARM64.Deploy.0 = Debug|Any CPU
		{D7721107-6AB7-4704-BCD3-4AE31D000358}.Debug|x64.ActiveCfg = Debug|Any CPU
		{D7721107-6AB7-4704-BCD3-4AE31D000358}.Debug|x64.Build.0 = Debug|Any CPU
		{D7721107-6AB7-4704-BCD3-4AE31D000358}.Debug|x64.Deploy.0 = Debug|Any CPU
		{D7721107-6AB7-4704-BCD3-4AE31D000358}.Debug|x86.ActiveCfg = Debug|Any CPU
		{D7721107-6AB7-4704-BCD3-4AE31D000358}.Debug|x86.Build.0 = Debug|Any CPU
		{D7721107-6AB7-4704-BCD3-4AE31D000358}.Debug|x86.Deploy.0 = Debug|Any CPU
		{D7721107-6AB7-4704-BCD3-4AE31D000358}.Release|Any CPU.ActiveCfg = Release|Any CPU
		{D7721107-6AB7-4704-BCD3-4AE31D000358}.Release|Any CPU.Build.0 = Release|Any CPU
		{D7721107-6AB7-4704-BCD3-4AE31D000358}.Release|Any CPU.Deploy.0 = Release|Any CPU
		{D7721107-6AB7-4704-BCD3-4AE31D000358}.Release|ARM.ActiveCfg = Release|Any CPU
		{D7721107-6AB7-4704-BCD3-4AE31D000358}.Release|ARM.Build.0 = Release|Any CPU
		{D7721107-6AB7-4704-BCD3-4AE31D000358}.Release|ARM.Deploy.0 = Release|Any CPU
		{D7721107-6AB7-4704-BCD3-4AE31D000358}.Release|ARM64.ActiveCfg = Release|Any CPU
		{D7721107-6AB7-4704-BCD3-4AE31D000358}.Release|ARM64.Build.0 = Release|Any CPU
		{D7721107-6AB7-4704-BCD3-4AE31D000358}.Release|ARM64.Deploy.0 = Release|Any CPU
		{D7721107-6AB7-4704-BCD3-4AE31D000358}.Release|x64.ActiveCfg = Release|Any CPU
		{D7721107-6AB7-4704-BCD3-4AE31D000358}.Release|x64.Build.0 = Release|Any CPU
		{D7721107-6AB7-4704-BCD3-4AE31D000358}.Release|x64.Deploy.0 = Release|Any CPU
		{D7721107-6AB7-4704-BCD3-4AE31D000358}.Release|x86.ActiveCfg = Release|Any CPU
		{D7721107-6AB7-4704-BCD3-4AE31D000358}.Release|x86.Build.0 = Release|Any CPU
		{D7721107-6AB7-4704-BCD3-4AE31D000358}.Release|x86.Deploy.0 = Release|Any CPU
		{922B0880-A1BD-46CC-81FC-6E1694A38B54}.Debug|Any CPU.ActiveCfg = Debug
		{922B0880-A1BD-46CC-81FC-6E1694A38B54}.Debug|ARM.ActiveCfg = Debug
		{922B0880-A1BD-46CC-81FC-6E1694A38B54}.Debug|ARM.Build.0 = Debug
		{922B0880-A1BD-46CC-81FC-6E1694A38B54}.Debug|ARM64.ActiveCfg = Debug
		{922B0880-A1BD-46CC-81FC-6E1694A38B54}.Debug|ARM64.Build.0 = Debug
		{922B0880-A1BD-46CC-81FC-6E1694A38B54}.Debug|x64.ActiveCfg = Debug
		{922B0880-A1BD-46CC-81FC-6E1694A38B54}.Debug|x64.Build.0 = Debug
		{922B0880-A1BD-46CC-81FC-6E1694A38B54}.Debug|x86.ActiveCfg = Debug
		{922B0880-A1BD-46CC-81FC-6E1694A38B54}.Debug|x86.Build.0 = Debug
		{922B0880-A1BD-46CC-81FC-6E1694A38B54}.Release|Any CPU.ActiveCfg = Release
		{922B0880-A1BD-46CC-81FC-6E1694A38B54}.Release|ARM.ActiveCfg = Release
		{922B0880-A1BD-46CC-81FC-6E1694A38B54}.Release|ARM.Build.0 = Release
		{922B0880-A1BD-46CC-81FC-6E1694A38B54}.Release|ARM64.ActiveCfg = Release
		{922B0880-A1BD-46CC-81FC-6E1694A38B54}.Release|ARM64.Build.0 = Release
		{922B0880-A1BD-46CC-81FC-6E1694A38B54}.Release|x64.ActiveCfg = Release
		{922B0880-A1BD-46CC-81FC-6E1694A38B54}.Release|x64.Build.0 = Release
		{922B0880-A1BD-46CC-81FC-6E1694A38B54}.Release|x86.ActiveCfg = Release
		{922B0880-A1BD-46CC-81FC-6E1694A38B54}.Release|x86.Build.0 = Release
		{9100360D-C512-487D-8DF8-B79DE6BDEC38}.Debug|Any CPU.ActiveCfg = Debug|x86
		{9100360D-C512-487D-8DF8-B79DE6BDEC38}.Debug|ARM.ActiveCfg = Debug|x86
		{9100360D-C512-487D-8DF8-B79DE6BDEC38}.Debug|ARM64.ActiveCfg = Debug|x86
		{9100360D-C512-487D-8DF8-B79DE6BDEC38}.Debug|x64.ActiveCfg = Debug|x86
		{9100360D-C512-487D-8DF8-B79DE6BDEC38}.Debug|x86.ActiveCfg = Debug|x86
		{9100360D-C512-487D-8DF8-B79DE6BDEC38}.Debug|x86.Build.0 = Debug|x86
		{9100360D-C512-487D-8DF8-B79DE6BDEC38}.Release|Any CPU.ActiveCfg = Release|x86
		{9100360D-C512-487D-8DF8-B79DE6BDEC38}.Release|ARM.ActiveCfg = Release|x86
		{9100360D-C512-487D-8DF8-B79DE6BDEC38}.Release|ARM64.ActiveCfg = Release|x86
		{9100360D-C512-487D-8DF8-B79DE6BDEC38}.Release|x64.ActiveCfg = Release|x86
		{9100360D-C512-487D-8DF8-B79DE6BDEC38}.Release|x86.ActiveCfg = Release|x86
		{9100360D-C512-487D-8DF8-B79DE6BDEC38}.Release|x86.Build.0 = Release|x86
	EndGlobalSection
	GlobalSection(SolutionProperties) = preSolution
		HideSolutionNode = FALSE
	EndGlobalSection
	GlobalSection(NestedProjects) = preSolution
		{CEDC3CCA-6AFE-47E8-AE92-3C9A44EC0C68} = {D9D80D5E-1F34-4025-80D0-15E60BBF6346}
	EndGlobalSection
	GlobalSection(ExtensibilityGlobals) = postSolution
		SolutionGuid = {3CBC16FD-188E-4D45-86CB-C6593EDD5C4B}
	EndGlobalSection
EndGlobal
