
Microsoft Visual Studio Solution File, Format Version 12.00
# Visual Studio 15
VisualStudioVersion = 15.0.28307.902
MinimumVisualStudioVersion = 10.0.40219.1
Project("{FAE04EC0-301F-11D3-BF4B-00C04F79EFBC}") = "hiddenAnaconda", "WindowsFormsApp1\hiddenAnaconda.csproj", "{5AFF48FB-E0BD-4EC9-A85E-42A3603F70C9}"
EndProject
Project("{00D1A9C2-B5F0-4AF3-8072-F6C62B433612}") = "hiddenAnacondaDB", "hiddenAnacondaDB\hiddenAnacondaDB.sqlproj", "{D7721107-6AB7-4704-BCD3-4AE31D000358}"
EndProject
Project("{2150E333-8FDC-42A3-9474-1A3956D46DE8}") = "Solution Items", "Solution Items", "{D9D80D5E-1F34-4025-80D0-15E60BBF6346}"
	ProjectSection(SolutionItems) = preProject
		baza19_12_2019.sql = baza19_12_2019.sql
		Skrypty_przykladowych_danych.sql = Skrypty_przykladowych_danych.sql
	EndProjectSection
EndProject
Project("{54435603-DBB4-11D2-8724-00A0C9A8B90C}") = "hiddenAnacondaInstaller", "hiddenAnacondaInstaller\hiddenAnacondaInstaller.vdproj", "{922B0880-A1BD-46CC-81FC-6E1694A38B54}"
EndProject
Global
	GlobalSection(SolutionConfigurationPlatforms) = preSolution
		Debug|Any CPU = Debug|Any CPU
		Debug|ARM = Debug|ARM
		Debug|ARM64 = Debug|ARM64
		Debug|x64 = Debug|x64
		Debug|x86 = Debug|x86
		Release|Any CPU = Release|Any CPU
		Release|ARM = Release|ARM
		Release|ARM64 = Release|ARM64
		Release|x64 = Release|x64
		Release|x86 = Release|x86
	EndGlobalSection
	GlobalSection(ProjectConfigurationPlatforms) = postSolution
		{5AFF48FB-E0BD-4EC9-A85E-42A3603F70C9}.Debug|Any CPU.ActiveCfg = Debug|Any CPU
		{5AFF48FB-E0BD-4EC9-A85E-42A3603F70C9}.Debug|Any CPU.Build.0 = Debug|Any CPU
		{5AFF48FB-E0BD-4EC9-A85E-42A3603F70C9}.Debug|ARM.ActiveCfg = Debug|Any CPU
		{5AFF48FB-E0BD-4EC9-A85E-42A3603F70C9}.Debug|ARM.Build.0 = Debug|Any CPU
		{5AFF48FB-E0BD-4EC9-A85E-42A3603F70C9}.Debug|ARM64.ActiveCfg = Debug|Any CPU
		{5AFF48FB-E0BD-4EC9-A85E-42A3603F70C9}.Debug|ARM64.Build.0 = Debug|Any CPU
		{5AFF48FB-E0BD-4EC9-A85E-42A3603F70C9}.Debug|x64.ActiveCfg = Debug|Any CPU
		{5AFF48FB-E0BD-4EC9-A85E-42A3603F70C9}.Debug|x64.Build.0 = Debug|Any CPU
		{5AFF48FB-E0BD-4EC9-A85E-42A3603F70C9}.Debug|x86.ActiveCfg = Debug|Any CPU
		{5AFF48FB-E0BD-4EC9-A85E-42A3603F70C9}.Debug|x86.Build.0 = Debug|Any CPU
		{5AFF48FB-E0BD-4EC9-A85E-42A3603F70C9}.Release|Any CPU.ActiveCfg = Release|Any CPU
		{5AFF48FB-E0BD-4EC9-A85E-42A3603F70C9}.Release|Any CPU.Build.0 = Release|Any CPU
		{5AFF48FB-E0BD-4EC9-A85E-42A3603F70C9}.Release|ARM.ActiveCfg = Release|Any CPU
		{5AFF48FB-E0BD-4EC9-A85E-42A3603F70C9}.Release|ARM.Build.0 = Release|Any CPU
		{5AFF48FB-E0BD-4EC9-A85E-42A3603F70C9}.Release|ARM64.ActiveCfg = Release|Any CPU
		{5AFF48FB-E0BD-4EC9-A85E-42A3603F70C9}.Release|ARM64.Build.0 = Release|Any CPU
		{5AFF48FB-E0BD-4EC9-A85E-42A3603F70C9}.Release|x64.ActiveCfg = Release|Any CPU
		{5AFF48FB-E0BD-4EC9-A85E-42A3603F70C9}.Release|x64.Build.0 = Release|Any CPU
		{5AFF48FB-E0BD-4EC9-A85E-42A3603F70C9}.Release|x86.ActiveCfg = Release|Any CPU
		{5AFF48FB-E0BD-4EC9-A85E-42A3603F70C9}.Release|x86.Build.0 = Release|Any CPU
		{D7721107-6AB7-4704-BCD3-4AE31D000358}.Debug|Any CPU.ActiveCfg = Debug|Any CPU
		{D7721107-6AB7-4704-BCD3-4AE31D000358}.Debug|Any CPU.Build.0 = Debug|Any CPU
		{D7721107-6AB7-4704-BCD3-4AE31D000358}.Debug|Any CPU.Deploy.0 = Debug|Any CPU
		{D7721107-6AB7-4704-BCD3-4AE31D000358}.Debug|ARM.ActiveCfg = Debug|Any CPU
		{D7721107-6AB7-4704-BCD3-4AE31D000358}.Debug|ARM.Build.0 = Debug|Any CPU
		{D7721107-6AB7-4704-BCD3-4AE31D000358}.Debug|ARM.Deploy.0 = Debug|Any CPU
		{D7721107-6AB7-4704-BCD3-4AE31D000358}.Debug|ARM64.ActiveCfg = Debug|Any CPU
		{D7721107-6AB7-4704-BCD3-4AE31D000358}.Debug|ARM64.Build.0 = Debug|Any CPU
		{D7721107-6AB7-4704-BCD3-4AE31D000358}.Debug|ARM64.Deploy.0 = Debug|Any CPU
		{D7721107-6AB7-4704-BCD3-4AE31D000358}.Debug|x64.ActiveCfg = Debug|Any CPU
		{D7721107-6AB7-4704-BCD3-4AE31D000358}.Debug|x64.Build.0 = Debug|Any CPU
		{D7721107-6AB7-4704-BCD3-4AE31D000358}.Debug|x64.Deploy.0 = Debug|Any CPU
		{D7721107-6AB7-4704-BCD3-4AE31D000358}.Debug|x86.ActiveCfg = Debug|Any CPU
		{D7721107-6AB7-4704-BCD3-4AE31D000358}.Debug|x86.Build.0 = Debug|Any CPU
		{D7721107-6AB7-4704-BCD3-4AE31D000358}.Debug|x86.Deploy.0 = Debug|Any CPU
		{D7721107-6AB7-4704-BCD3-4AE31D000358}.Release|Any CPU.ActiveCfg = Release|Any CPU
		{D7721107-6AB7-4704-BCD3-4AE31D000358}.Release|Any CPU.Build.0 = Release|Any CPU
		{D7721107-6AB7-4704-BCD3-4AE31D000358}.Release|Any CPU.Deploy.0 = Release|Any CPU
		{D7721107-6AB7-4704-BCD3-4AE31D000358}.Release|ARM.ActiveCfg = Release|Any CPU
		{D7721107-6AB7-4704-BCD3-4AE31D000358}.Release|ARM.Build.0 = Release|Any CPU
		{D7721107-6AB7-4704-BCD3-4AE31D000358}.Release|ARM.Deploy.0 = Release|Any CPU
		{D7721107-6AB7-4704-BCD3-4AE31D000358}.Release|ARM64.ActiveCfg = Release|Any CPU
		{D7721107-6AB7-4704-BCD3-4AE31D000358}.Release|ARM64.Build.0 = Release|Any CPU
		{D7721107-6AB7-4704-BCD3-4AE31D000358}.Release|ARM64.Deploy.0 = Release|Any CPU
		{D7721107-6AB7-4704-BCD3-4AE31D000358}.Release|x64.ActiveCfg = Release|Any CPU
		{D7721107-6AB7-4704-BCD3-4AE31D000358}.Release|x64.Build.0 = Release|Any CPU
		{D7721107-6AB7-4704-BCD3-4AE31D000358}.Release|x64.Deploy.0 = Release|Any CPU
		{D7721107-6AB7-4704-BCD3-4AE31D000358}.Release|x86.ActiveCfg = Release|Any CPU
		{D7721107-6AB7-4704-BCD3-4AE31D000358}.Release|x86.Build.0 = Release|Any CPU
		{D7721107-6AB7-4704-BCD3-4AE31D000358}.Release|x86.Deploy.0 = Release|Any CPU
		{922B0880-A1BD-46CC-81FC-6E1694A38B54}.Debug|Any CPU.ActiveCfg = Debug
		{922B0880-A1BD-46CC-81FC-6E1694A38B54}.Debug|ARM.ActiveCfg = Debug
		{922B0880-A1BD-46CC-81FC-6E1694A38B54}.Debug|ARM.Build.0 = Debug
		{922B0880-A1BD-46CC-81FC-6E1694A38B54}.Debug|ARM64.ActiveCfg = Debug
		{922B0880-A1BD-46CC-81FC-6E1694A38B54}.Debug|ARM64.Build.0 = Debug
		{922B0880-A1BD-46CC-81FC-6E1694A38B54}.Debug|x64.ActiveCfg = Debug
		{922B0880-A1BD-46CC-81FC-6E1694A38B54}.Debug|x64.Build.0 = Debug
		{922B0880-A1BD-46CC-81FC-6E1694A38B54}.Debug|x86.ActiveCfg = Debug
		{922B0880-A1BD-46CC-81FC-6E1694A38B54}.Debug|x86.Build.0 = Debug
		{922B0880-A1BD-46CC-81FC-6E1694A38B54}.Release|Any CPU.ActiveCfg = Release
		{922B0880-A1BD-46CC-81FC-6E1694A38B54}.Release|ARM.ActiveCfg = Release
		{922B0880-A1BD-46CC-81FC-6E1694A38B54}.Release|ARM.Build.0 = Release
		{922B0880-A1BD-46CC-81FC-6E1694A38B54}.Release|ARM64.ActiveCfg = Release
		{922B0880-A1BD-46CC-81FC-6E1694A38B54}.Release|ARM64.Build.0 = Release
		{922B0880-A1BD-46CC-81FC-6E1694A38B54}.Release|x64.ActiveCfg = Release
		{922B0880-A1BD-46CC-81FC-6E1694A38B54}.Release|x64.Build.0 = Release
		{922B0880-A1BD-46CC-81FC-6E1694A38B54}.Release|x86.ActiveCfg = Release
		{922B0880-A1BD-46CC-81FC-6E1694A38B54}.Release|x86.Build.0 = Release
	EndGlobalSection
	GlobalSection(SolutionProperties) = preSolution
		HideSolutionNode = FALSE
	EndGlobalSection
	GlobalSection(ExtensibilityGlobals) = postSolution
		SolutionGuid = {3CBC16FD-188E-4D45-86CB-C6593EDD5C4B}
	EndGlobalSection
EndGlobal
